dependencies:
  '@reduxjs/toolkit': 1.5.0
  bootstrap: 4.6.0
  javascript-time-ago: 2.3.4
  react: 17.0.1
  react-bootstrap: 1.4.3_react-dom@17.0.1+react@17.0.1
  react-dom: 17.0.1_react@17.0.1
  react-icons: 4.1.0_react@17.0.1
  react-markdown: 5.0.3_react@17.0.1
  react-redux: 7.2.2_380dc38591053d98779d1f25fc7202b9
  react-router-dom: 5.2.0_react@17.0.1
  react-time-ago: 6.2.2_react-dom@17.0.1+react@17.0.1
  redux: 4.0.5
  styled-components: 5.2.1_react-dom@17.0.1+react@17.0.1
  web-vitals: 0.2.4
lockfileVersion: 5.2
packages:
  /@babel/code-frame/7.12.11:
    dependencies:
      '@babel/highlight': 7.10.4
    dev: false
    resolution:
      integrity: sha512-Zt1yodBx1UcyiePMSkWnU4hPqhwq7hGi2nFL1LeA3EUl+q2LQx16MISgJ0+z7dnmgvP9QtIleuETGOiOH1RcIw==
  /@babel/generator/7.12.11:
    dependencies:
      '@babel/types': 7.12.12
      jsesc: 2.5.2
      source-map: 0.5.7
    dev: false
    resolution:
      integrity: sha512-Ggg6WPOJtSi8yYQvLVjG8F/TlpWDlKx0OpS4Kt+xMQPs5OaGYWy+v1A+1TvxI6sAMGZpKWWoAQ1DaeQbImlItA==
  /@babel/helper-annotate-as-pure/7.12.10:
    dependencies:
      '@babel/types': 7.12.12
    dev: false
    resolution:
      integrity: sha512-XplmVbC1n+KY6jL8/fgLVXXUauDIB+lD5+GsQEh6F6GBF1dq1qy4DP4yXWzDKcoqXB3X58t61e85Fitoww4JVQ==
  /@babel/helper-function-name/7.12.11:
    dependencies:
      '@babel/helper-get-function-arity': 7.12.10
      '@babel/template': 7.12.7
      '@babel/types': 7.12.12
    dev: false
    resolution:
      integrity: sha512-AtQKjtYNolKNi6nNNVLQ27CP6D9oFR6bq/HPYSizlzbp7uC1M59XJe8L+0uXjbIaZaUJF99ruHqVGiKXU/7ybA==
  /@babel/helper-get-function-arity/7.12.10:
    dependencies:
      '@babel/types': 7.12.12
    dev: false
    resolution:
      integrity: sha512-mm0n5BPjR06wh9mPQaDdXWDoll/j5UpCAPl1x8fS71GHm7HA6Ua2V4ylG1Ju8lvcTOietbPNNPaSilKj+pj+Ag==
  /@babel/helper-module-imports/7.12.5:
    dependencies:
      '@babel/types': 7.12.12
    dev: false
    resolution:
      integrity: sha512-SR713Ogqg6++uexFRORf/+nPXMmWIn80TALu0uaFb+iQIUoR7bOC7zBWyzBs5b3tBBJXuyD0cRu1F15GyzjOWA==
  /@babel/helper-split-export-declaration/7.12.11:
    dependencies:
      '@babel/types': 7.12.12
    dev: false
    resolution:
      integrity: sha512-LsIVN8j48gHgwzfocYUSkO/hjYAOJqlpJEc7tGXcIm4cubjVUf8LGW6eWRyxEu7gA25q02p0rQUWoCI33HNS5g==
  /@babel/helper-validator-identifier/7.12.11:
    dev: false
    resolution:
      integrity: sha512-np/lG3uARFybkoHokJUmf1QfEvRVCPbmQeUQpKow5cQ3xWrV9i3rUHodKDJPQfTVX61qKi+UdYk8kik84n7XOw==
  /@babel/highlight/7.10.4:
    dependencies:
      '@babel/helper-validator-identifier': 7.12.11
      chalk: 2.4.2
      js-tokens: 4.0.0
    dev: false
    resolution:
      integrity: sha512-i6rgnR/YgPEQzZZnbTHHuZdlE8qyoBNalD6F+q4vAFlcMEcqmkoG+mPqJYJCo63qPf74+Y1UZsl3l6f7/RIkmA==
  /@babel/parser/7.12.11:
    dev: false
    engines:
      node: '>=6.0.0'
    hasBin: true
    resolution:
      integrity: sha512-N3UxG+uuF4CMYoNj8AhnbAcJF0PiuJ9KHuy1lQmkYsxTer/MAH9UBNHsBoAX/4s6NvlDD047No8mYVGGzLL4hg==
  /@babel/runtime/7.12.5:
    dependencies:
      regenerator-runtime: 0.13.7
    dev: false
    resolution:
      integrity: sha512-plcc+hbExy3McchJCEQG3knOsuh3HH+Prx1P6cLIkET/0dLuQDEnrT+s27Axgc9bqfsmNUNHfscgMUdBpC9xfg==
  /@babel/template/7.12.7:
    dependencies:
      '@babel/code-frame': 7.12.11
      '@babel/parser': 7.12.11
      '@babel/types': 7.12.12
    dev: false
    resolution:
      integrity: sha512-GkDzmHS6GV7ZeXfJZ0tLRBhZcMcY0/Lnb+eEbXDBfCAcZCjrZKe6p3J4we/D24O9Y8enxWAg1cWwof59yLh2ow==
  /@babel/traverse/7.12.12_supports-color@5.5.0:
    dependencies:
      '@babel/code-frame': 7.12.11
      '@babel/generator': 7.12.11
      '@babel/helper-function-name': 7.12.11
      '@babel/helper-split-export-declaration': 7.12.11
      '@babel/parser': 7.12.11
      '@babel/types': 7.12.12
      debug: 4.3.1_supports-color@5.5.0
      globals: 11.12.0
      lodash: 4.17.20
    dev: false
    peerDependencies:
      supports-color: '*'
    resolution:
      integrity: sha512-s88i0X0lPy45RrLM8b9mz8RPH5FqO9G9p7ti59cToE44xFm1Q+Pjh5Gq4SXBbtb88X7Uy7pexeqRIQDDMNkL0w==
  /@babel/types/7.12.12:
    dependencies:
      '@babel/helper-validator-identifier': 7.12.11
      lodash: 4.17.20
      to-fast-properties: 2.0.0
    dev: false
    resolution:
      integrity: sha512-lnIX7piTxOH22xE7fDXDbSHg9MM1/6ORnafpJmov5rs0kX5g4BZxeXNJLXsMRiO0U5Rb8/FvMS6xlTnTHvxonQ==
  /@emotion/is-prop-valid/0.8.8:
    dependencies:
      '@emotion/memoize': 0.7.4
    dev: false
    resolution:
      integrity: sha512-u5WtneEAr5IDG2Wv65yhunPSMLIpuKsbuOktRojfrEiEvRyC85LgPMZI63cr7NUqT8ZIGdSVg8ZKGxIug4lXcA==
  /@emotion/memoize/0.7.4:
    dev: false
    resolution:
      integrity: sha512-Ja/Vfqe3HpuzRsG1oBtWTHk2PGZ7GR+2Vz5iYGelAw8dx32K0y7PjVuxK6z1nMpZOqAFsRUPCkK1YjJ56qJlgw==
  /@emotion/stylis/0.8.5:
    dev: false
    resolution:
      integrity: sha512-h6KtPihKFn3T9fuIrwvXXUOwlx3rfUvfZIcP5a6rh8Y7zjE3O06hT5Ss4S/YI1AYhuZ1kjaE/5EaOOI2NqSylQ==
  /@emotion/unitless/0.7.5:
    dev: false
    resolution:
      integrity: sha512-OWORNpfjMsSSUBVrRBVGECkhWcULOAJz9ZW8uK9qgxD+87M7jHRcvh/A96XXNhXTLmKcoYSQtBEX7lHMO7YRwg==
  /@popperjs/core/2.6.0:
    dev: false
    resolution:
      integrity: sha512-cPqjjzuFWNK3BSKLm0abspP0sp/IGOli4p5I5fKFAzdS8fvjdOwDCfZqAaIiXd9lPkOWi3SUUfZof3hEb7J/uw==
  /@reduxjs/toolkit/1.5.0:
    dependencies:
      immer: 8.0.1
      redux: 4.0.5
      redux-thunk: 2.3.0
      reselect: 4.0.0
    dev: false
    resolution:
      integrity: sha512-E/FUraRx+8guw9Hlg/Ja8jI/hwCrmIKed8Annt9YsZw3BQp+F24t5I5b2OWR6pkEHY4hn1BgP08FrTZFRKsdaQ==
  /@restart/context/2.1.4_react@17.0.1:
    dependencies:
      react: 17.0.1
    dev: false
    peerDependencies:
      react: '>=16.3.2'
    resolution:
      integrity: sha512-INJYZQJP7g+IoDUh/475NlGiTeMfwTXUEr3tmRneckHIxNolGOW9CTq83S8cxq0CgJwwcMzMJFchxvlwe7Rk8Q==
  /@restart/hooks/0.3.26_react@17.0.1:
    dependencies:
      lodash: 4.17.20
      lodash-es: 4.17.20
      react: 17.0.1
    dev: false
    peerDependencies:
      react: '>=16.8.0'
    resolution:
      integrity: sha512-7Hwk2ZMYm+JLWcb7R9qIXk1OoUg1Z+saKWqZXlrvFwT3w6UArVNWgxYOzf+PJoK9zZejp8okPAKTctthhXLt5g==
  /@types/classnames/2.2.11:
    dev: false
    resolution:
      integrity: sha512-2koNhpWm3DgWRp5tpkiJ8JGc1xTn2q0l+jUNUE7oMKXUf5NpI9AIdC4kbjGNFBdHtcxBD18LAksoudAVhFKCjw==
  /@types/invariant/2.2.34:
    dev: false
    resolution:
      integrity: sha512-lYUtmJ9BqUN688fGY1U1HZoWT1/Jrmgigx2loq4ZcJpICECm/Om3V314BxdzypO0u5PORKGMM6x0OXaljV1YFg==
  /@types/mdast/3.0.3:
    dependencies:
      '@types/unist': 2.0.3
    dev: false
    resolution:
      integrity: sha512-SXPBMnFVQg1s00dlMCc/jCdvPqdE4mXaMMCeRlxLDmTAEoegHT53xKtkDnzDTOcmMHUfcjyf36/YYZ6SxRdnsw==
  /@types/prop-types/15.7.3:
    dev: false
    resolution:
      integrity: sha512-KfRL3PuHmqQLOG+2tGpRO26Ctg+Cq1E01D2DMriKEATHgWLfeNDmq9e29Q9WIky0dQ3NPkd1mzYH8Lm936Z9qw==
  /@types/react-transition-group/4.4.0:
    dependencies:
      '@types/react': 17.0.0
    dev: false
    resolution:
      integrity: sha512-/QfLHGpu+2fQOqQaXh8MG9q03bFENooTb/it4jr5kKaZlDQfWvjqWZg48AwzPVMBHlRuTRAY7hRHCEOXz5kV6w==
  /@types/react/17.0.0:
    dependencies:
      '@types/prop-types': 15.7.3
      csstype: 3.0.6
    dev: false
    resolution:
      integrity: sha512-aj/L7RIMsRlWML3YB6KZiXB3fV2t41+5RBGYF8z+tAKU43Px8C3cYUZsDvf1/+Bm4FK21QWBrDutu8ZJ/70qOw==
  /@types/unist/2.0.3:
    dev: false
    resolution:
      integrity: sha512-FvUupuM3rlRsRtCN+fDudtmytGO6iHJuuRKS1Ss0pG5z8oX0diNEw94UEL7hgDbpN94rgaK5R7sWm6RrSkZuAQ==
  /@types/warning/3.0.0:
    dev: false
    resolution:
      integrity: sha1-DSUBJorY+ZYrdA04fEZU9fjiPlI=
  /ansi-styles/3.2.1:
    dependencies:
      color-convert: 1.9.3
    dev: false
    engines:
      node: '>=4'
    resolution:
      integrity: sha512-VT0ZI6kZRdTh8YyJw3SMbYm/u+NqfsAxEpWO0Pf9sq8/e94WxxOpPKx9FR1FlyCtOVDNOQ+8ntlqFxiRc+r5qA==
  /babel-plugin-styled-components/1.12.0_styled-components@5.2.1:
    dependencies:
      '@babel/helper-annotate-as-pure': 7.12.10
      '@babel/helper-module-imports': 7.12.5
      babel-plugin-syntax-jsx: 6.18.0
      lodash: 4.17.20
      styled-components: 5.2.1_react-dom@17.0.1+react@17.0.1
    dev: false
    peerDependencies:
      styled-components: '>= 2'
    resolution:
      integrity: sha512-FEiD7l5ZABdJPpLssKXjBUJMYqzbcNzBowfXDCdJhOpbhWiewapUaY+LZGT8R4Jg2TwOjGjG4RKeyrO5p9sBkA==
  /babel-plugin-syntax-jsx/6.18.0:
    dev: false
    resolution:
      integrity: sha1-CvMqmm4Tyno/1QaeYtew9Y0NiUY=
  /bail/1.0.5:
    dev: false
    resolution:
      integrity: sha512-xFbRxM1tahm08yHBP16MMjVUAvDaBMD38zsM9EMAUN61omwLmKlOpB/Zku5QkjZ8TZ4vn53pj+t518cH0S03RQ==
  /bootstrap/4.6.0:
    dev: false
    peerDependencies:
      jquery: 1.9.1 - 3
      popper.js: ^1.16.1
    resolution:
      integrity: sha512-Io55IuQY3kydzHtbGvQya3H+KorS/M9rSNyfCGCg9WZ4pyT/lCxIlpJgG1GXW/PswzC84Tr2fBYi+7+jFVQQBw==
  /camelize/1.0.0:
    dev: false
    resolution:
      integrity: sha1-FkpUg+Yw+kMh5a8HAg5TGDGyYJs=
  /chalk/2.4.2:
    dependencies:
      ansi-styles: 3.2.1
      escape-string-regexp: 1.0.5
      supports-color: 5.5.0
    dev: false
    engines:
      node: '>=4'
    resolution:
      integrity: sha512-Mti+f9lpJNcwF4tWV8/OrTTtF1gZi+f8FqlyAdouralcFWFQWF2+NgCHShjkCb+IFBLq9buZwE1xckQU4peSuQ==
  /character-entities-legacy/1.1.4:
    dev: false
    resolution:
      integrity: sha512-3Xnr+7ZFS1uxeiUDvV02wQ+QDbc55o97tIV5zHScSPJpcLm/r0DFPcoY3tYRp+VZukxuMeKgXYmsXQHO05zQeA==
  /character-entities/1.2.4:
    dev: false
    resolution:
      integrity: sha512-iBMyeEHxfVnIakwOuDXpVkc54HijNgCyQB2w0VfGQThle6NXn50zU6V/u+LDhxHcDUPojn6Kpga3PTAD8W1bQw==
  /character-reference-invalid/1.1.4:
    dev: false
    resolution:
      integrity: sha512-mKKUkUbhPpQlCOfIuZkvSEgktjPFIsZKRRbC6KWVEMvlzblj3i3asQv5ODsrwt0N3pHAEvjP8KTQPHkp0+6jOg==
  /classnames/2.2.6:
    dev: false
    resolution:
      integrity: sha512-JR/iSQOSt+LQIWwrwEzJ9uk0xfN3mTVYMwt1Ir5mUcSN6pU+V4zQFFaJsclJbPuAUQH+yfWef6tm7l1quW3C8Q==
  /color-convert/1.9.3:
    dependencies:
      color-name: 1.1.3
    dev: false
    resolution:
      integrity: sha512-QfAUtd+vFdAtFQcC8CCyYt1fYWxSqAiK2cSD6zDB8N3cpsEBAvRxp9zOGg6G/SHHJYAT88/az/IuDGALsNVbGg==
  /color-name/1.1.3:
    dev: false
    resolution:
      integrity: sha1-p9BVi9icQveV3UIyj3QIMcpTvCU=
  /css-color-keywords/1.0.0:
    dev: false
    engines:
      node: '>=4'
    resolution:
      integrity: sha1-/qJhbcZ2spYmhrOvjb2+GAskTgU=
  /css-to-react-native/3.0.0:
    dependencies:
      camelize: 1.0.0
      css-color-keywords: 1.0.0
      postcss-value-parser: 4.1.0
    dev: false
    resolution:
      integrity: sha512-Ro1yETZA813eoyUp2GDBhG2j+YggidUmzO1/v9eYBKR2EHVEniE2MI/NqpTQ954BMpTPZFsGNPm46qFB9dpaPQ==
  /csstype/3.0.6:
    dev: false
    resolution:
      integrity: sha512-+ZAmfyWMT7TiIlzdqJgjMb7S4f1beorDbWbsocyK4RaiqA5RTX3K14bnBWmmA9QEM0gRdsjyyrEmcyga8Zsxmw==
  /debug/4.3.1:
    dependencies:
      ms: 2.1.2
    dev: false
    engines:
      node: '>=6.0'
    peerDependencies:
      supports-color: '*'
    peerDependenciesMeta:
      supports-color:
        optional: true
    resolution:
      integrity: sha512-doEwdvm4PCeK4K3RQN2ZC2BYUBaxwLARCqZmMjtF8a51J2Rb0xpVloFRnCODwqjpwnAoao4pelN8l3RJdv3gRQ==
  /debug/4.3.1_supports-color@5.5.0:
    dependencies:
      ms: 2.1.2
      supports-color: 5.5.0
    dev: false
    engines:
      node: '>=6.0'
    peerDependencies:
      supports-color: '*'
    peerDependenciesMeta:
      supports-color:
        optional: true
    resolution:
      integrity: sha512-doEwdvm4PCeK4K3RQN2ZC2BYUBaxwLARCqZmMjtF8a51J2Rb0xpVloFRnCODwqjpwnAoao4pelN8l3RJdv3gRQ==
  /dom-helpers/5.2.0:
    dependencies:
      '@babel/runtime': 7.12.5
      csstype: 3.0.6
    dev: false
    resolution:
      integrity: sha512-Ru5o9+V8CpunKnz5LGgWXkmrH/20cGKwcHwS4m73zIvs54CN9epEmT/HLqFJW3kXpakAFkEdzgy1hzlJe3E4OQ==
  /dom-serializer/1.2.0:
    dependencies:
      domelementtype: 2.1.0
      domhandler: 4.0.0
      entities: 2.2.0
    dev: false
    resolution:
      integrity: sha512-n6kZFH/KlCrqs/1GHMOd5i2fd/beQHuehKdWvNNffbGHTr/almdhuVvTVFb3V7fglz+nC50fFusu3lY33h12pA==
  /domelementtype/2.1.0:
    dev: false
    resolution:
      integrity: sha512-LsTgx/L5VpD+Q8lmsXSHW2WpA+eBlZ9HPf3erD1IoPF00/3JKHZ3BknUVA2QGDNu69ZNmyFmCWBSO45XjYKC5w==
  /domhandler/3.3.0:
    dependencies:
      domelementtype: 2.1.0
    dev: false
    engines:
      node: '>= 4'
    resolution:
      integrity: sha512-J1C5rIANUbuYK+FuFL98650rihynUOEzRLxW+90bKZRWB6A1X1Tf82GxR1qAWLyfNPRvjqfip3Q5tdYlmAa9lA==
  /domhandler/4.0.0:
    dependencies:
      domelementtype: 2.1.0
    dev: false
    engines:
      node: '>= 4'
    resolution:
      integrity: sha512-KPTbnGQ1JeEMQyO1iYXoagsI6so/C96HZiFyByU3T6iAzpXn8EGEvct6unm1ZGoed8ByO2oirxgwxBmqKF9haA==
  /domutils/2.4.4:
    dependencies:
      dom-serializer: 1.2.0
      domelementtype: 2.1.0
      domhandler: 4.0.0
    dev: false
    resolution:
      integrity: sha512-jBC0vOsECI4OMdD0GC9mGn7NXPLb+Qt6KW1YDQzeQYRUFKmNG8lh7mO5HiELfr+lLQE7loDVI4QcAxV80HS+RA==
  /entities/2.2.0:
    dev: false
    resolution:
      integrity: sha512-p92if5Nz619I0w+akJrLZH0MX0Pb5DX39XOwQTtXSdQQOaYH03S1uIQp4mhOZtAXrxq4ViO67YTiLBo2638o9A==
  /escape-string-regexp/1.0.5:
    dev: false
    engines:
      node: '>=0.8.0'
    resolution:
      integrity: sha1-G2HAViGQqN/2rjuyzwIAyhMLhtQ=
  /extend/3.0.2:
    dev: false
    resolution:
      integrity: sha512-fjquC59cD7CyW6urNXK0FBufkZcoiGG80wTuPujX590cB5Ttln20E2UB4S/WARVqhXffZl2LNgS+gQdPIIim/g==
  /globals/11.12.0:
    dev: false
    engines:
      node: '>=4'
    resolution:
      integrity: sha512-WOBp/EEGUiIsJSp7wcv/y6MO+lV9UoncWqxuFfm8eBwzWNgyfBd6Gz+IeKQ9jCmyhoH99g15M3T+QaVHFjizVA==
  /has-flag/3.0.0:
    dev: false
    engines:
      node: '>=4'
    resolution:
      integrity: sha1-tdRU3CGZriJWmfNGfloH87lVuv0=
  /history/4.10.1:
    dependencies:
      '@babel/runtime': 7.12.5
      loose-envify: 1.4.0
      resolve-pathname: 3.0.0
      tiny-invariant: 1.1.0
      tiny-warning: 1.0.3
      value-equal: 1.0.1
    dev: false
    resolution:
      integrity: sha512-36nwAD620w12kuzPAsyINPWJqlNbij+hpK1k9XRloDtym8mxzGYl2c17LnV6IAGB2Dmg4tEa7G7DlawS0+qjew==
  /hoist-non-react-statics/3.3.2:
    dependencies:
      react-is: 16.13.1
    dev: false
    resolution:
      integrity: sha512-/gGivxi8JPKWNm/W0jSmzcMPpfpPLc3dY/6GxhX2hQ9iGj3aDfklV4ET7NjKpSinLpJ5vafa9iiGIEZg10SfBw==
  /html-to-react/1.4.5_react@17.0.1:
    dependencies:
      domhandler: 3.3.0
      htmlparser2: 5.0.1
      lodash.camelcase: 4.3.0
      ramda: 0.27.1
      react: 17.0.1
    dev: false
    peerDependencies:
      react: ^16.0 || ^17.0
    resolution:
      integrity: sha512-KONZUDFPg5OodWaQu2ymfkDmU0JA7zB1iPfvyHehTmMUZnk0DS7/TyCMTzsLH6b4BvxX15g88qZCXFhJWktsmA==
  /htmlparser2/5.0.1:
    dependencies:
      domelementtype: 2.1.0
      domhandler: 3.3.0
      domutils: 2.4.4
      entities: 2.2.0
    dev: false
    resolution:
      integrity: sha512-vKZZra6CSe9qsJzh0BjBGXo8dvzNsq/oGvsjfRdOrrryfeD9UOBEEQdeoqCRmKZchF5h2zOBMQ6YuQ0uRUmdbQ==
  /immer/8.0.1:
    dev: false
    resolution:
      integrity: sha512-aqXhGP7//Gui2+UrEtvxZxSquQVXTpZ7KDxfCcKAF3Vysvw0CViVaW9RZ1j1xlIYqaaaipBoqdqeibkc18PNvA==
  /invariant/2.2.4:
    dependencies:
      loose-envify: 1.4.0
    dev: false
    resolution:
      integrity: sha512-phJfQVBuaJM5raOpJjSfkiD6BpbCE4Ns//LaXl6wGYtUBY83nWS6Rf9tXm2e8VaK60JEjYldbPif/A2B1C2gNA==
  /is-alphabetical/1.0.4:
    dev: false
    resolution:
      integrity: sha512-DwzsA04LQ10FHTZuL0/grVDk4rFoVH1pjAToYwBrHSxcrBIGQuXrQMtD5U1b0U2XVgKZCTLLP8u2Qxqhy3l2Vg==
  /is-alphanumerical/1.0.4:
    dependencies:
      is-alphabetical: 1.0.4
      is-decimal: 1.0.4
    dev: false
    resolution:
      integrity: sha512-UzoZUr+XfVz3t3v4KyGEniVL9BDRoQtY7tOyrRybkVNjDFWyo1yhXNGrrBTQxp3ib9BLAWs7k2YKBQsFRkZG9A==
  /is-buffer/2.0.5:
    dev: false
    engines:
      node: '>=4'
    resolution:
      integrity: sha512-i2R6zNFDwgEHJyQUtJEk0XFi1i0dPFn/oqjK3/vPCcDeJvW5NQ83V8QbicfF1SupOaB0h8ntgBC2YiE7dfyctQ==
  /is-decimal/1.0.4:
    dev: false
    resolution:
      integrity: sha512-RGdriMmQQvZ2aqaQq3awNA6dCGtKpiDFcOzrTWrDAT2MiWrKQVPmxLGHl7Y2nNu6led0kEyoX0enY0qXYsv9zw==
  /is-hexadecimal/1.0.4:
    dev: false
    resolution:
      integrity: sha512-gyPJuv83bHMpocVYoqof5VDiZveEoGoFL8m3BXNb2VW8Xs+rz9kqO8LOQ5DH6EsuvilT1ApazU0pyl+ytbPtlw==
  /is-plain-obj/2.1.0:
    dev: false
    engines:
      node: '>=8'
    resolution:
      integrity: sha512-YWnfyRwxL/+SsrWYfOpUtz5b3YD+nyfkHvjbcanzk8zgyO4ASD67uVMRt8k5bM4lLMDnXfriRhOpemw+NfT1eA==
  /isarray/0.0.1:
    dev: false
    resolution:
      integrity: sha1-ihis/Kmo9Bd+Cav8YDiTmwXR7t8=
  /javascript-time-ago/2.3.4:
    dependencies:
      relative-time-format: 1.0.5
    dev: false
    resolution:
      integrity: sha512-Tmy9C4MBGtC19AYhV8updznKqtiRSwJHIbDMeypsy3F0vxqgX5ytln4jwXRLVh82WW6ig4VGegi/Qhykpr4YQw==
  /js-tokens/4.0.0:
    dev: false
    resolution:
      integrity: sha512-RdJUflcE3cUzKiMqQgsCu06FPu9UdIJO0beYbPhHN4k6apgJtifcoCtT9bcxOpYBtpD2kCM6Sbzg4CausW/PKQ==
  /jsesc/2.5.2:
    dev: false
    engines:
      node: '>=4'
    hasBin: true
    resolution:
      integrity: sha512-OYu7XEzjkCQ3C5Ps3QIZsQfNpqoJyZZA99wd9aWd05NCtC5pWOkShK2mkL6HXQR6/Cy2lbNdPlZBpuQHXE63gA==
  /lodash-es/4.17.20:
    dev: false
    resolution:
      integrity: sha512-JD1COMZsq8maT6mnuz1UMV0jvYD0E0aUsSOdrr1/nAG3dhqQXwRRgeW0cSqH1U43INKcqxaiVIQNOUDld7gRDA==
  /lodash.camelcase/4.3.0:
    dev: false
    resolution:
      integrity: sha1-soqmKIorn8ZRA1x3EfZathkDMaY=
  /lodash/4.17.20:
    dev: false
    resolution:
      integrity: sha512-PlhdFcillOINfeV7Ni6oF1TAEayyZBoZ8bcshTHqOYJYlrqzRK5hagpagky5o4HfCzzd1TRkXPMFq6cKk9rGmA==
  /loose-envify/1.4.0:
    dependencies:
      js-tokens: 4.0.0
    dev: false
    hasBin: true
    resolution:
      integrity: sha512-lyuxPGr/Wfhrlem2CL/UcnUc1zcqKAImBDzukY7Y5F/yQiNdko6+fRLevlw1HgMySw7f611UIY408EtxRSoK3Q==
  /mdast-add-list-metadata/1.0.1:
    dependencies:
      unist-util-visit-parents: 1.1.2
    dev: false
    resolution:
      integrity: sha512-fB/VP4MJ0LaRsog7hGPxgOrSL3gE/2uEdZyDuSEnKCv/8IkYHiDkIQSbChiJoHyxZZXZ9bzckyRk+vNxFzh8rA==
  /mdast-util-from-markdown/0.8.4:
    dependencies:
      '@types/mdast': 3.0.3
      mdast-util-to-string: 2.0.0
      micromark: 2.11.2
      parse-entities: 2.0.0
      unist-util-stringify-position: 2.0.3
    dev: false
    resolution:
      integrity: sha512-jj891B5pV2r63n2kBTFh8cRI2uR9LQHsXG1zSDqfhXkIlDzrTcIlbB5+5aaYEkl8vOPIOPLf8VT7Ere1wWTMdw==
  /mdast-util-to-string/2.0.0:
    dev: false
    resolution:
      integrity: sha512-AW4DRS3QbBayY/jJmD8437V1Gombjf8RSOUCMFBuo5iHi58AGEgVCKQ+ezHkZZDpAQS75hcBMpLqjpJTjtUL7w==
  /micromark/2.11.2:
    dependencies:
      debug: 4.3.1
      parse-entities: 2.0.0
    dev: false
    resolution:
      integrity: sha512-IXuP76p2uj8uMg4FQc1cRE7lPCLsfAXuEfdjtdO55VRiFO1asrCSQ5g43NmPqFtRwzEnEhafRVzn2jg0UiKArQ==
  /mini-create-react-context/0.4.1_prop-types@15.7.2+react@17.0.1:
    dependencies:
      '@babel/runtime': 7.12.5
      prop-types: 15.7.2
      react: 17.0.1
      tiny-warning: 1.0.3
    dev: false
    peerDependencies:
      prop-types: ^15.0.0
      react: ^0.14.0 || ^15.0.0 || ^16.0.0 || ^17.0.0
    resolution:
      integrity: sha512-YWCYEmd5CQeHGSAKrYvXgmzzkrvssZcuuQDDeqkT+PziKGMgE+0MCCtcKbROzocGBG1meBLl2FotlRwf4gAzbQ==
  /ms/2.1.2:
    dev: false
    resolution:
      integrity: sha512-sGkPx+VjMtmA6MX27oA4FBFELFCZZ4S4XqeGOXCv68tT+jb3vk/RyaKWP0PTKyWtmLSM0b+adUTEvbs1PEaH2w==
  /object-assign/4.1.1:
    dev: false
    engines:
      node: '>=0.10.0'
    resolution:
      integrity: sha1-IQmtx5ZYh8/AXLvUQsrIv7s2CGM=
  /parse-entities/2.0.0:
    dependencies:
      character-entities: 1.2.4
      character-entities-legacy: 1.1.4
      character-reference-invalid: 1.1.4
      is-alphanumerical: 1.0.4
      is-decimal: 1.0.4
      is-hexadecimal: 1.0.4
    dev: false
    resolution:
      integrity: sha512-kkywGpCcRYhqQIchaWqZ875wzpS/bMKhz5HnN3p7wveJTkTtyAB/AlnS0f8DFSqYW1T82t6yEAkEcB+A1I3MbQ==
  /path-to-regexp/1.8.0:
    dependencies:
      isarray: 0.0.1
    dev: false
    resolution:
      integrity: sha512-n43JRhlUKUAlibEJhPeir1ncUID16QnEjNpwzNdO3Lm4ywrBpBZ5oLD0I6br9evr1Y9JTqwRtAh7JLoOzAQdVA==
  /performance-now/2.1.0:
    dev: false
    resolution:
      integrity: sha1-Ywn04OX6kT7BxpMHrjZLSzd8nns=
  /postcss-value-parser/4.1.0:
    dev: false
    resolution:
      integrity: sha512-97DXOFbQJhk71ne5/Mt6cOu6yxsSfM0QGQyl0L25Gca4yGWEGJaig7l7gbCX623VqTBNGLRLaVUCnNkcedlRSQ==
  /prop-types-extra/1.1.1_react@17.0.1:
    dependencies:
      react: 17.0.1
      react-is: 16.13.1
      warning: 4.0.3
    dev: false
    peerDependencies:
      react: '>=0.14.0'
    resolution:
      integrity: sha512-59+AHNnHYCdiC+vMwY52WmvP5dM3QLeoumYuEyceQDi9aEhtwN9zIQ2ZNo25sMyXnbh32h+P1ezDsUpUH3JAew==
  /prop-types/15.7.2:
    dependencies:
      loose-envify: 1.4.0
      object-assign: 4.1.1
      react-is: 16.13.1
    dev: false
    resolution:
      integrity: sha512-8QQikdH7//R2vurIJSutZ1smHYTcLpRWEOlHnzcWHmBYrOGUysKwSsrC89BCiFj3CbrfJ/nXFdJepOVrY1GCHQ==
  /raf/3.4.1:
    dependencies:
      performance-now: 2.1.0
    dev: false
    resolution:
      integrity: sha512-Sq4CW4QhwOHE8ucn6J34MqtZCeWFP2aQSmrlroYgqAV1PjStIhJXxYuTgUIfkEk7zTLjmIjLmU5q+fbD1NnOJA==
  /ramda/0.27.1:
    dev: false
    resolution:
      integrity: sha512-PgIdVpn5y5Yns8vqb8FzBUEYn98V3xcPgawAkkgj0YJ0qDsnHCiNmZYfOGMgOvoB0eWFLpYbhxUR3mxfDIMvpw==
  /react-bootstrap/1.4.3_react-dom@17.0.1+react@17.0.1:
    dependencies:
      '@babel/runtime': 7.12.5
      '@restart/context': 2.1.4_react@17.0.1
      '@restart/hooks': 0.3.26_react@17.0.1
      '@types/classnames': 2.2.11
      '@types/invariant': 2.2.34
      '@types/prop-types': 15.7.3
      '@types/react': 17.0.0
      '@types/react-transition-group': 4.4.0
      '@types/warning': 3.0.0
      classnames: 2.2.6
      dom-helpers: 5.2.0
      invariant: 2.2.4
      prop-types: 15.7.2
      prop-types-extra: 1.1.1_react@17.0.1
      react: 17.0.1
      react-dom: 17.0.1_react@17.0.1
      react-overlays: 4.1.1_react-dom@17.0.1+react@17.0.1
      react-transition-group: 4.4.1_react-dom@17.0.1+react@17.0.1
      uncontrollable: 7.2.1_react@17.0.1
      warning: 4.0.3
    dev: false
    peerDependencies:
      react: '>=16.8.0'
      react-dom: '>=16.8.0'
    resolution:
      integrity: sha512-4tYhk26KRnK0myMEp2wvNjOvnHMwWfa6pWFIiCtj9wewYaTxP7TrCf7MwcIMBgUzyX0SJXx6UbbDG0+hObiXNg==
  /react-dom/17.0.1_react@17.0.1:
    dependencies:
      loose-envify: 1.4.0
      object-assign: 4.1.1
      react: 17.0.1
      scheduler: 0.20.1
    dev: false
    peerDependencies:
      react: 17.0.1
    resolution:
      integrity: sha512-6eV150oJZ9U2t9svnsspTMrWNyHc6chX0KzDeAOXftRa8bNeOKTTfCJ7KorIwenkHd2xqVTBTCZd79yk/lx/Ug==
  /react-icons/4.1.0_react@17.0.1:
    dependencies:
      react: 17.0.1
    dev: false
    peerDependencies:
      react: '*'
    resolution:
      integrity: sha512-FCXBg1JbbR0vWALXIxmFAfozHdVIJmmwCD81Jk0EKOt7Ax4AdBNcaRkWhR0NaKy9ugJgoY3fFvo0PHpte55pXg==
  /react-is/16.13.1:
    dev: false
    resolution:
      integrity: sha512-24e6ynE2H+OKt4kqsOvNd8kBpV65zoxbA4BVsEOB3ARVWQki/DHzaUoC5KuON/BiccDaCCTZBuOcfZs70kR8bQ==
  /react-lifecycles-compat/3.0.4:
    dev: false
    resolution:
      integrity: sha512-fBASbA6LnOU9dOU2eW7aQ8xmYBSXUIWr+UmF9b1efZBazGNO+rcXT/icdKnYm2pTwcRylVUYwW7H1PHfLekVzA==
  /react-markdown/5.0.3_react@17.0.1:
    dependencies:
      '@types/mdast': 3.0.3
      '@types/unist': 2.0.3
      html-to-react: 1.4.5_react@17.0.1
      mdast-add-list-metadata: 1.0.1
      prop-types: 15.7.2
      react: 17.0.1
      react-is: 16.13.1
      remark-parse: 9.0.0
      unified: 9.2.0
      unist-util-visit: 2.0.3
      xtend: 4.0.2
    dev: false
    peerDependencies:
      '@types/react': '>=16'
      react: '>=16'
    resolution:
      integrity: sha512-jDWOc1AvWn0WahpjW6NK64mtx6cwjM4iSsLHJPNBqoAgGOVoIdJMqaKX4++plhOtdd4JksdqzlDibgPx6B/M2w==
  /react-overlays/4.1.1_react-dom@17.0.1+react@17.0.1:
    dependencies:
      '@babel/runtime': 7.12.5
      '@popperjs/core': 2.6.0
      '@restart/hooks': 0.3.26_react@17.0.1
      '@types/warning': 3.0.0
      dom-helpers: 5.2.0
      prop-types: 15.7.2
      react: 17.0.1
      react-dom: 17.0.1_react@17.0.1
      uncontrollable: 7.2.1_react@17.0.1
      warning: 4.0.3
    dev: false
    peerDependencies:
      react: '>=16.3.0'
      react-dom: '>=16.3.0'
    resolution:
      integrity: sha512-WtJifh081e6M24KnvTQoNjQEpz7HoLxqt8TwZM7LOYIkYJ8i/Ly1Xi7RVte87ZVnmqQ4PFaFiNHZhSINPSpdBQ==
  /react-redux/7.2.2_380dc38591053d98779d1f25fc7202b9:
    dependencies:
      '@babel/runtime': 7.12.5
      hoist-non-react-statics: 3.3.2
      loose-envify: 1.4.0
      prop-types: 15.7.2
      react: 17.0.1
      react-dom: 17.0.1_react@17.0.1
      react-is: 16.13.1
      redux: 4.0.5
    dev: false
    peerDependencies:
      react: ^16.8.3 || ^17
      react-dom: '*'
      react-native: '*'
      redux: ^2.0.0 || ^3.0.0 || ^4.0.0-0
    peerDependenciesMeta:
      react-dom:
        optional: true
      react-native:
        optional: true
    resolution:
      integrity: sha512-8+CQ1EvIVFkYL/vu6Olo7JFLWop1qRUeb46sGtIMDCSpgwPQq8fPLpirIB0iTqFe9XYEFPHssdX8/UwN6pAkEA==
  /react-router-dom/5.2.0_react@17.0.1:
    dependencies:
      '@babel/runtime': 7.12.5
      history: 4.10.1
      loose-envify: 1.4.0
      prop-types: 15.7.2
      react: 17.0.1
      react-router: 5.2.0_react@17.0.1
      tiny-invariant: 1.1.0
      tiny-warning: 1.0.3
    dev: false
    peerDependencies:
      react: '>=15'
    resolution:
      integrity: sha512-gxAmfylo2QUjcwxI63RhQ5G85Qqt4voZpUXSEqCwykV0baaOTQDR1f0PmY8AELqIyVc0NEZUj0Gov5lNGcXgsA==
  /react-router/5.2.0_react@17.0.1:
    dependencies:
      '@babel/runtime': 7.12.5
      history: 4.10.1
      hoist-non-react-statics: 3.3.2
      loose-envify: 1.4.0
      mini-create-react-context: 0.4.1_prop-types@15.7.2+react@17.0.1
      path-to-regexp: 1.8.0
      prop-types: 15.7.2
      react: 17.0.1
      react-is: 16.13.1
      tiny-invariant: 1.1.0
      tiny-warning: 1.0.3
    dev: false
    peerDependencies:
      react: '>=15'
    resolution:
      integrity: sha512-smz1DUuFHRKdcJC0jobGo8cVbhO3x50tCL4icacOlcwDOEQPq4TMqwx3sY1TP+DvtTgz4nm3thuo7A+BK2U0Dw==
  /react-time-ago/6.2.2_react-dom@17.0.1+react@17.0.1:
    dependencies:
      javascript-time-ago: 2.3.4
      prop-types: 15.7.2
      raf: 3.4.1
      react: 17.0.1
      react-dom: 17.0.1_react@17.0.1
    dev: false
    peerDependencies:
      react: '>=0.16.8'
      react-dom: '>=0.16.8'
    resolution:
      integrity: sha512-8X4GDw3V9sUs4DJtGDkNzasmT2+TPrP911SYlnQpcY8qj4Byk1JwLhgjlhN8zP1ugrTxOUFuEeYi5pZLlYmMpg==
  /react-transition-group/4.4.1_react-dom@17.0.1+react@17.0.1:
    dependencies:
      '@babel/runtime': 7.12.5
      dom-helpers: 5.2.0
      loose-envify: 1.4.0
      prop-types: 15.7.2
      react: 17.0.1
      react-dom: 17.0.1_react@17.0.1
    dev: false
    peerDependencies:
      react: '>=16.6.0'
      react-dom: '>=16.6.0'
    resolution:
      integrity: sha512-Djqr7OQ2aPUiYurhPalTrVy9ddmFCCzwhqQmtN+J3+3DzLO209Fdr70QrN8Z3DsglWql6iY1lDWAfpFiBtuKGw==
  /react/17.0.1:
    dependencies:
      loose-envify: 1.4.0
      object-assign: 4.1.1
    dev: false
    engines:
      node: '>=0.10.0'
    resolution:
      integrity: sha512-lG9c9UuMHdcAexXtigOZLX8exLWkW0Ku29qPRU8uhF2R9BN96dLCt0psvzPLlHc5OWkgymP3qwTRgbnw5BKx3w==
  /redux-thunk/2.3.0:
    dev: false
    resolution:
      integrity: sha512-km6dclyFnmcvxhAcrQV2AkZmPQjzPDjgVlQtR0EQjxZPyJ0BnMf3in1ryuR8A2qU0HldVRfxYXbFSKlI3N7Slw==
  /redux/4.0.5:
    dependencies:
      loose-envify: 1.4.0
      symbol-observable: 1.2.0
    dev: false
    resolution:
      integrity: sha512-VSz1uMAH24DM6MF72vcojpYPtrTUu3ByVWfPL1nPfVRb5mZVTve5GnNCUV53QM/BZ66xfWrm0CTWoM+Xlz8V1w==
  /regenerator-runtime/0.13.7:
    dev: false
    resolution:
      integrity: sha512-a54FxoJDIr27pgf7IgeQGxmqUNYrcV338lf/6gH456HZ/PhX+5BcwHXG9ajESmwe6WRO0tAzRUrRmNONWgkrew==
  /relative-time-format/1.0.5:
    dev: false
    resolution:
      integrity: sha512-MAgx/YKcUQYJpIaWcfetPstElnWf26JxVis4PirdwVrrymFdbxyCSm6yENpfB1YuwFbtHSHksN3aBajVNxk10Q==
  /remark-parse/9.0.0:
    dependencies:
      mdast-util-from-markdown: 0.8.4
    dev: false
    resolution:
      integrity: sha512-geKatMwSzEXKHuzBNU1z676sGcDcFoChMK38TgdHJNAYfFtsfHDQG7MoJAjs6sgYMqyLduCYWDIWZIxiPeafEw==
  /reselect/4.0.0:
    dev: false
    resolution:
      integrity: sha512-qUgANli03jjAyGlnbYVAV5vvnOmJnODyABz51RdBN7M4WaVu8mecZWgyQNkG8Yqe3KRGRt0l4K4B3XVEULC4CA==
  /resolve-pathname/3.0.0:
    dev: false
    resolution:
      integrity: sha512-C7rARubxI8bXFNB/hqcp/4iUeIXJhJZvFPFPiSPRnhU5UPxzMFIl+2E6yY6c4k9giDJAhtV+enfA+G89N6Csng==
  /scheduler/0.20.1:
    dependencies:
      loose-envify: 1.4.0
      object-assign: 4.1.1
    dev: false
    resolution:
      integrity: sha512-LKTe+2xNJBNxu/QhHvDR14wUXHRQbVY5ZOYpOGWRzhydZUqrLb2JBvLPY7cAqFmqrWuDED0Mjk7013SZiOz6Bw==
  /shallowequal/1.1.0:
    dev: false
    resolution:
      integrity: sha512-y0m1JoUZSlPAjXVtPPW70aZWfIL/dSP7AFkRnniLCrK/8MDKog3TySTBmckD+RObVxH0v4Tox67+F14PdED2oQ==
  /source-map/0.5.7:
    dev: false
    engines:
      node: '>=0.10.0'
    resolution:
      integrity: sha1-igOdLRAh0i0eoUyA2OpGi6LvP8w=
  /styled-components/5.2.1_react-dom@17.0.1+react@17.0.1:
    dependencies:
      '@babel/helper-module-imports': 7.12.5
      '@babel/traverse': 7.12.12_supports-color@5.5.0
      '@emotion/is-prop-valid': 0.8.8
      '@emotion/stylis': 0.8.5
      '@emotion/unitless': 0.7.5
      babel-plugin-styled-components: 1.12.0_styled-components@5.2.1
      css-to-react-native: 3.0.0
      hoist-non-react-statics: 3.3.2
      react: 17.0.1
      react-dom: 17.0.1_react@17.0.1
      shallowequal: 1.1.0
      supports-color: 5.5.0
    dev: false
    engines:
      node: '>=10'
    peerDependencies:
      react: '>= 16.8.0'
      react-dom: '>= 16.8.0'
      react-is: '>= 16.8.0'
    resolution:
      integrity: sha512-sBdgLWrCFTKtmZm/9x7jkIabjFNVzCUeKfoQsM6R3saImkUnjx0QYdLwJHBjY9ifEcmjDamJDVfknWm1yxZPxQ==
  /supports-color/5.5.0:
    dependencies:
      has-flag: 3.0.0
    dev: false
    engines:
      node: '>=4'
    resolution:
      integrity: sha512-QjVjwdXIt408MIiAqCX4oUKsgU2EqAGzs2Ppkm4aQYbjm+ZEWEcW4SfFNTr4uMNZma0ey4f5lgLrkB0aX0QMow==
  /symbol-observable/1.2.0:
    dev: false
    engines:
      node: '>=0.10.0'
    resolution:
      integrity: sha512-e900nM8RRtGhlV36KGEU9k65K3mPb1WV70OdjfxlG2EAuM1noi/E/BaW/uMhL7bPEssK8QV57vN3esixjUvcXQ==
  /tiny-invariant/1.1.0:
    dev: false
    resolution:
      integrity: sha512-ytxQvrb1cPc9WBEI/HSeYYoGD0kWnGEOR8RY6KomWLBVhqz0RgTwVO9dLrGz7dC+nN9llyI7OKAgRq8Vq4ZBSw==
  /tiny-warning/1.0.3:
    dev: false
    resolution:
      integrity: sha512-lBN9zLN/oAf68o3zNXYrdCt1kP8WsiGW8Oo2ka41b2IM5JL/S1CTyX1rW0mb/zSuJun0ZUrDxx4sqvYS2FWzPA==
  /to-fast-properties/2.0.0:
    dev: false
    engines:
      node: '>=4'
    resolution:
      integrity: sha1-3F5pjL0HkmW8c+A3doGk5Og/YW4=
  /trough/1.0.5:
    dev: false
    resolution:
      integrity: sha512-rvuRbTarPXmMb79SmzEp8aqXNKcK+y0XaB298IXueQ8I2PsrATcPBCSPyK/dDNa2iWOhKlfNnOjdAOTBU/nkFA==
  /uncontrollable/7.2.1_react@17.0.1:
    dependencies:
      '@babel/runtime': 7.12.5
      '@types/react': 17.0.0
      invariant: 2.2.4
      react: 17.0.1
      react-lifecycles-compat: 3.0.4
    dev: false
    peerDependencies:
      react: '>=15.0.0'
    resolution:
      integrity: sha512-svtcfoTADIB0nT9nltgjujTi7BzVmwjZClOmskKu/E8FW9BXzg9os8OLr4f8Dlnk0rYWJIWr4wv9eKUXiQvQwQ==
  /unified/9.2.0:
    dependencies:
      bail: 1.0.5
      extend: 3.0.2
      is-buffer: 2.0.5
      is-plain-obj: 2.1.0
      trough: 1.0.5
      vfile: 4.2.1
    dev: false
    resolution:
      integrity: sha512-vx2Z0vY+a3YoTj8+pttM3tiJHCwY5UFbYdiWrwBEbHmK8pvsPj2rtAX2BFfgXen8T39CJWblWRDT4L5WGXtDdg==
  /unist-util-is/4.0.4:
    dev: false
    resolution:
      integrity: sha512-3dF39j/u423v4BBQrk1AQ2Ve1FxY5W3JKwXxVFzBODQ6WEvccguhgp802qQLKSnxPODE6WuRZtV+ohlUg4meBA==
  /unist-util-stringify-position/2.0.3:
    dependencies:
      '@types/unist': 2.0.3
    dev: false
    resolution:
      integrity: sha512-3faScn5I+hy9VleOq/qNbAd6pAx7iH5jYBMS9I1HgQVijz/4mv5Bvw5iw1sC/90CODiKo81G/ps8AJrISn687g==
  /unist-util-visit-parents/1.1.2:
    dev: false
    resolution:
      integrity: sha512-yvo+MMLjEwdc3RhhPYSximset7rwjMrdt9E41Smmvg25UQIenzrN83cRnF1JMzoMi9zZOQeYXHSDf7p+IQkW3Q==
  /unist-util-visit-parents/3.1.1:
    dependencies:
      '@types/unist': 2.0.3
      unist-util-is: 4.0.4
    dev: false
    resolution:
      integrity: sha512-1KROIZWo6bcMrZEwiH2UrXDyalAa0uqzWCxCJj6lPOvTve2WkfgCytoDTPaMnodXh1WrXOq0haVYHj99ynJlsg==
  /unist-util-visit/2.0.3:
    dependencies:
      '@types/unist': 2.0.3
      unist-util-is: 4.0.4
      unist-util-visit-parents: 3.1.1
    dev: false
    resolution:
      integrity: sha512-iJ4/RczbJMkD0712mGktuGpm/U4By4FfDonL7N/9tATGIF4imikjOuagyMY53tnZq3NP6BcmlrHhEKAfGWjh7Q==
  /value-equal/1.0.1:
    dev: false
    resolution:
      integrity: sha512-NOJ6JZCAWr0zlxZt+xqCHNTEKOsrks2HQd4MqhP1qy4z1SkbEP467eNx6TgDKXMvUOb+OENfJCZwM+16n7fRfw==
  /vfile-message/2.0.4:
    dependencies:
      '@types/unist': 2.0.3
      unist-util-stringify-position: 2.0.3
    dev: false
    resolution:
      integrity: sha512-DjssxRGkMvifUOJre00juHoP9DPWuzjxKuMDrhNbk2TdaYYBNMStsNhEOt3idrtI12VQYM/1+iM0KOzXi4pxwQ==
  /vfile/4.2.1:
    dependencies:
      '@types/unist': 2.0.3
      is-buffer: 2.0.5
      unist-util-stringify-position: 2.0.3
      vfile-message: 2.0.4
    dev: false
    resolution:
      integrity: sha512-O6AE4OskCG5S1emQ/4gl8zK586RqA3srz3nfK/Viy0UPToBc5Trp9BVFb1u0CjsKrAWwnpr4ifM/KBXPWwJbCA==
  /warning/4.0.3:
    dependencies:
      loose-envify: 1.4.0
    dev: false
    resolution:
      integrity: sha512-rpJyN222KWIvHJ/F53XSZv0Zl/accqHR8et1kpaMTD/fLCRxtV8iX8czMzY7sVZupTI3zcUTg8eycS2kNF9l6w==
  /web-vitals/0.2.4:
    dev: false
    resolution:
      integrity: sha512-6BjspCO9VriYy12z356nL6JBS0GYeEcA457YyRzD+dD6XYCQ75NKhcOHUMHentOE7OcVCIXXDvOm0jKFfQG2Gg==
  /xtend/4.0.2:
    dev: false
    engines:
      node: '>=0.4'
    resolution:
      integrity: sha512-LKYU1iAXJXUgAXn9URjiu+MWhyUXHsvfp7mcuYm9dSUKK0/CjtrUwFAxD82/mCWbtLsGjFIad0wIsod4zrTAEQ==
specifiers:
  '@reduxjs/toolkit': ^1.5.0
  bootstrap: ^4.6.0
  javascript-time-ago: ^2.3.4
  react: ^17.0.0
  react-bootstrap: ^1.4.3
  react-dom: ^17.0.0
  react-icons: ^4.1.0
  react-markdown: ^5.0.3
  react-redux: ^7.2.2
  react-router-dom: ^5.2.0
  react-time-ago: ^6.2.2
  redux: ^4.0.5
  styled-components: ^5.2.1
  web-vitals: ^0.2.4
